
Microsoft Visual Studio Solution File, Format Version 12.00
# Visual Studio Version 17
VisualStudioVersion = 17.13.35507.96 d17.13
MinimumVisualStudioVersion = 10.0.40219.1
Project("{FAE04EC0-301F-11D3-BF4B-00C04F79EFBC}") = "CourseSelectionService01_OCSS", "CourseSelectionService01_OCSS.csproj", "{3D0F7200-7644-46F6-8DFC-C78899C34195}"
EndProject
Global
	GlobalSection(SolutionConfigurationPlatforms) = preSolution
		Debug|Any CPU = Debug|Any CPU
		Release|Any CPU = Release|Any CPU
	EndGlobalSection
	GlobalSection(ProjectConfigurationPlatforms) = postSolution
		{3D0F7200-7644-46F6-8DFC-C78899C34195}.Debug|Any CPU.ActiveCfg = Debug|Any CPU
		{3D0F7200-7644-46F6-8DFC-C78899C34195}.Debug|Any CPU.Build.0 = Debug|Any CPU
		{3D0F7200-7644-46F6-8DFC-C78899C34195}.Release|Any CPU.ActiveCfg = Release|Any CPU
		{3D0F7200-7644-46F6-8DFC-C78899C34195}.Release|Any CPU.Build.0 = Release|Any CPU
	EndGlobalSection
	GlobalSection(SolutionProperties) = preSolution
		HideSolutionNode = FALSE
	EndGlobalSection
	GlobalSection(ExtensibilityGlobals) = postSolution
		SolutionGuid = {F8BF41A2-9580-4012-8D93-C5032FDF3D27}
	EndGlobalSection
EndGlobal
